
Microsoft Visual Studio Solution File, Format Version 12.00
# Visual Studio 15
VisualStudioVersion = 15.0.26730.12
MinimumVisualStudioVersion = 10.0.40219.1
Project("{FAE04EC0-301F-11D3-BF4B-00C04F79EFBC}") = "WordAddInTicTacToe", "WordAddInTicTacToe\WordAddInTicTacToe.csproj", "{1FF2225E-DDB5-489C-98A7-83B8FD5B14A3}"
EndProject
Global
	GlobalSection(SolutionConfigurationPlatforms) = preSolution
		Debug|Any CPU = Debug|Any CPU
		Release|Any CPU = Release|Any CPU
	EndGlobalSection
	GlobalSection(ProjectConfigurationPlatforms) = postSolution
		{1FF2225E-DDB5-489C-98A7-83B8FD5B14A3}.Debug|Any CPU.ActiveCfg = Debug|Any CPU
		{1FF2225E-DDB5-489C-98A7-83B8FD5B14A3}.Debug|Any CPU.Build.0 = Debug|Any CPU
		{1FF2225E-DDB5-489C-98A7-83B8FD5B14A3}.Release|Any CPU.ActiveCfg = Release|Any CPU
		{1FF2225E-DDB5-489C-98A7-83B8FD5B14A3}.Release|Any CPU.Build.0 = Release|Any CPU
	EndGlobalSection
	GlobalSection(SolutionProperties) = preSolution
		HideSolutionNode = FALSE
	EndGlobalSection
	GlobalSection(ExtensibilityGlobals) = postSolution
		SolutionGuid = {ED4B972F-1F72-4AE6-A00F-92CC232A3C29}
	EndGlobalSection
EndGlobal
